
Microsoft Visual Studio Solution File, Format Version 12.00
# Visual Studio Version 17
VisualStudioVersion = 17.8.34316.72
MinimumVisualStudioVersion = 10.0.40219.1
Project("{9A19103F-16F7-4668-BE54-9A1E7A4F7556}") = "PaymentsAPI.WebAPI", "WebAPI\PaymentsAPI.WebAPI.csproj", "{75ED2F9F-39A3-4096-ACBD-34CBD036001D}"
EndProject
Project("{9A19103F-16F7-4668-BE54-9A1E7A4F7556}") = "PaymentsAPI.Persistence", "Persistence\PaymentsAPI.Persistence.csproj", "{737E2CE8-AC42-4437-9D3B-4C7075C504B8}"
EndProject
Project("{9A19103F-16F7-4668-BE54-9A1E7A4F7556}") = "PaymentsAPI.Repository", "Repository\PaymentsAPI.Repository.csproj", "{508DAF1F-CFC1-44E0-8BE7-3E4A21F7C761}"
EndProject
Project("{9A19103F-16F7-4668-BE54-9A1E7A4F7556}") = "PaymentsAPI.Domain", "Domain\PaymentsAPI.Domain.csproj", "{3E5DDE8E-3FC6-40DC-B6A4-A85290213180}"
EndProject
Global
	GlobalSection(SolutionConfigurationPlatforms) = preSolution
		Debug|Any CPU = Debug|Any CPU
		Release|Any CPU = Release|Any CPU
	EndGlobalSection
	GlobalSection(ProjectConfigurationPlatforms) = postSolution
		{75ED2F9F-39A3-4096-ACBD-34CBD036001D}.Debug|Any CPU.ActiveCfg = Debug|Any CPU
		{75ED2F9F-39A3-4096-ACBD-34CBD036001D}.Debug|Any CPU.Build.0 = Debug|Any CPU
		{75ED2F9F-39A3-4096-ACBD-34CBD036001D}.Release|Any CPU.ActiveCfg = Release|Any CPU
		{75ED2F9F-39A3-4096-ACBD-34CBD036001D}.Release|Any CPU.Build.0 = Release|Any CPU
		{737E2CE8-AC42-4437-9D3B-4C7075C504B8}.Debug|Any CPU.ActiveCfg = Debug|Any CPU
		{737E2CE8-AC42-4437-9D3B-4C7075C504B8}.Debug|Any CPU.Build.0 = Debug|Any CPU
		{737E2CE8-AC42-4437-9D3B-4C7075C504B8}.Release|Any CPU.ActiveCfg = Release|Any CPU
		{737E2CE8-AC42-4437-9D3B-4C7075C504B8}.Release|Any CPU.Build.0 = Release|Any CPU
		{508DAF1F-CFC1-44E0-8BE7-3E4A21F7C761}.Debug|Any CPU.ActiveCfg = Debug|Any CPU
		{508DAF1F-CFC1-44E0-8BE7-3E4A21F7C761}.Debug|Any CPU.Build.0 = Debug|Any CPU
		{508DAF1F-CFC1-44E0-8BE7-3E4A21F7C761}.Release|Any CPU.ActiveCfg = Release|Any CPU
		{508DAF1F-CFC1-44E0-8BE7-3E4A21F7C761}.Release|Any CPU.Build.0 = Release|Any CPU
		{3E5DDE8E-3FC6-40DC-B6A4-A85290213180}.Debug|Any CPU.ActiveCfg = Debug|Any CPU
		{3E5DDE8E-3FC6-40DC-B6A4-A85290213180}.Debug|Any CPU.Build.0 = Debug|Any CPU
		{3E5DDE8E-3FC6-40DC-B6A4-A85290213180}.Release|Any CPU.ActiveCfg = Release|Any CPU
		{3E5DDE8E-3FC6-40DC-B6A4-A85290213180}.Release|Any CPU.Build.0 = Release|Any CPU
	EndGlobalSection
	GlobalSection(SolutionProperties) = preSolution
		HideSolutionNode = FALSE
	EndGlobalSection
	GlobalSection(ExtensibilityGlobals) = postSolution
		SolutionGuid = {1665CB35-FA3B-4CD6-BD03-83894F52441D}
	EndGlobalSection
EndGlobal
